
Microsoft Visual Studio Solution File, Format Version 12.00
# Visual Studio Version 16
VisualStudioVersion = 16.0.31105.61
MinimumVisualStudioVersion = 10.0.40219.1
Project("{9A19103F-16F7-4668-BE54-9A1E7A4F7556}") = "Student-Data", "Student-Data\Student-Data.csproj", "{F6B4086F-1037-4865-A4D5-0D3D7ABDD3A0}"
EndProject
Project("{9A19103F-16F7-4668-BE54-9A1E7A4F7556}") = "Models", "Models\Models.csproj", "{9EFB17E7-85FE-4DDB-B5B7-05E01374E959}"
EndProject
Project("{9A19103F-16F7-4668-BE54-9A1E7A4F7556}") = "PostgreSQLRepository", "PostgreSQLRepository\PostgreSQLRepository.csproj", "{C5B0C974-6FE4-43C5-911B-7266A29462FE}"
EndProject
Project("{9A19103F-16F7-4668-BE54-9A1E7A4F7556}") = "StudentServices", "StudentServices\StudentServices.csproj", "{AACAFC15-445F-4A11-BED0-172AC1BB9150}"
EndProject
Project("{FAE04EC0-301F-11D3-BF4B-00C04F79EFBC}") = "xUnit Testcases", "xUnit Testcases\xUnit Testcases.csproj", "{DAA8B0A1-2888-408D-8871-482B0F336C71}"
EndProject
Global
	GlobalSection(SolutionConfigurationPlatforms) = preSolution
		Debug|Any CPU = Debug|Any CPU
		Release|Any CPU = Release|Any CPU
	EndGlobalSection
	GlobalSection(ProjectConfigurationPlatforms) = postSolution
		{F6B4086F-1037-4865-A4D5-0D3D7ABDD3A0}.Debug|Any CPU.ActiveCfg = Debug|Any CPU
		{F6B4086F-1037-4865-A4D5-0D3D7ABDD3A0}.Debug|Any CPU.Build.0 = Debug|Any CPU
		{F6B4086F-1037-4865-A4D5-0D3D7ABDD3A0}.Release|Any CPU.ActiveCfg = Release|Any CPU
		{F6B4086F-1037-4865-A4D5-0D3D7ABDD3A0}.Release|Any CPU.Build.0 = Release|Any CPU
		{9EFB17E7-85FE-4DDB-B5B7-05E01374E959}.Debug|Any CPU.ActiveCfg = Debug|Any CPU
		{9EFB17E7-85FE-4DDB-B5B7-05E01374E959}.Debug|Any CPU.Build.0 = Debug|Any CPU
		{9EFB17E7-85FE-4DDB-B5B7-05E01374E959}.Release|Any CPU.ActiveCfg = Release|Any CPU
		{9EFB17E7-85FE-4DDB-B5B7-05E01374E959}.Release|Any CPU.Build.0 = Release|Any CPU
		{C5B0C974-6FE4-43C5-911B-7266A29462FE}.Debug|Any CPU.ActiveCfg = Debug|Any CPU
		{C5B0C974-6FE4-43C5-911B-7266A29462FE}.Debug|Any CPU.Build.0 = Debug|Any CPU
		{C5B0C974-6FE4-43C5-911B-7266A29462FE}.Release|Any CPU.ActiveCfg = Release|Any CPU
		{C5B0C974-6FE4-43C5-911B-7266A29462FE}.Release|Any CPU.Build.0 = Release|Any CPU
		{AACAFC15-445F-4A11-BED0-172AC1BB9150}.Debug|Any CPU.ActiveCfg = Debug|Any CPU
		{AACAFC15-445F-4A11-BED0-172AC1BB9150}.Debug|Any CPU.Build.0 = Debug|Any CPU
		{AACAFC15-445F-4A11-BED0-172AC1BB9150}.Release|Any CPU.ActiveCfg = Release|Any CPU
		{AACAFC15-445F-4A11-BED0-172AC1BB9150}.Release|Any CPU.Build.0 = Release|Any CPU
		{DAA8B0A1-2888-408D-8871-482B0F336C71}.Debug|Any CPU.ActiveCfg = Debug|Any CPU
		{DAA8B0A1-2888-408D-8871-482B0F336C71}.Debug|Any CPU.Build.0 = Debug|Any CPU
		{DAA8B0A1-2888-408D-8871-482B0F336C71}.Release|Any CPU.ActiveCfg = Release|Any CPU
		{DAA8B0A1-2888-408D-8871-482B0F336C71}.Release|Any CPU.Build.0 = Release|Any CPU
	EndGlobalSection
	GlobalSection(SolutionProperties) = preSolution
		HideSolutionNode = FALSE
	EndGlobalSection
	GlobalSection(ExtensibilityGlobals) = postSolution
		SolutionGuid = {97BC3012-1384-4F6F-AAC3-6CA0B7959642}
	EndGlobalSection
EndGlobal
